
Microsoft Visual Studio Solution File, Format Version 12.00
# Visual Studio Version 17
VisualStudioVersion = 17.6.33815.320
MinimumVisualStudioVersion = 10.0.40219.1
Project("{FAE04EC0-301F-11D3-BF4B-00C04F79EFBC}") = "WebFormPageEvents", "WebFormPageEvents.csproj", "{D3434D41-0D11-40FA-BD96-0E93C9C60D9E}"
EndProject
Global
	GlobalSection(SolutionConfigurationPlatforms) = preSolution
		Debug|Any CPU = Debug|Any CPU
		Release|Any CPU = Release|Any CPU
	EndGlobalSection
	GlobalSection(ProjectConfigurationPlatforms) = postSolution
		{D3434D41-0D11-40FA-BD96-0E93C9C60D9E}.Debug|Any CPU.ActiveCfg = Debug|Any CPU
		{D3434D41-0D11-40FA-BD96-0E93C9C60D9E}.Debug|Any CPU.Build.0 = Debug|Any CPU
		{D3434D41-0D11-40FA-BD96-0E93C9C60D9E}.Release|Any CPU.ActiveCfg = Release|Any CPU
		{D3434D41-0D11-40FA-BD96-0E93C9C60D9E}.Release|Any CPU.Build.0 = Release|Any CPU
	EndGlobalSection
	GlobalSection(SolutionProperties) = preSolution
		HideSolutionNode = FALSE
	EndGlobalSection
	GlobalSection(ExtensibilityGlobals) = postSolution
		SolutionGuid = {7EE47E84-C010-43DA-980B-CC4B5E1CE869}
	EndGlobalSection
EndGlobal
